
Microsoft Visual Studio Solution File, Format Version 12.00
# Visual Studio Version 17
VisualStudioVersion = 17.0.32014.148
MinimumVisualStudioVersion = 10.0.40219.1
Project("{FAE04EC0-301F-11D3-BF4B-00C04F79EFBC}") = "ConsoleApp1", "ConsoleApp1\ConsoleApp1.csproj", "{61EF908A-6E24-44EF-A1F6-206CE862C6C0}"
EndProject
Project("{9A19103F-16F7-4668-BE54-9A1E7A4F7556}") = "PruebaDeConceptoDi", "PruebaDeConceptoDi\PruebaDeConceptoDi.csproj", "{C28F3672-349D-45BB-9196-95B88C3BF904}"
EndProject
Project("{9A19103F-16F7-4668-BE54-9A1E7A4F7556}") = "InyeccionDeDependenciaConDapper", "InyeccionDeDependenciaConDapper\InyeccionDeDependenciaConDapper.csproj", "{B1DE7A26-2790-41FF-AC94-3F09BD3F37FF}"
EndProject
Project("{9A19103F-16F7-4668-BE54-9A1E7A4F7556}") = "ServicioDummy.Respository", "ServicioDummy.Respository\ServicioDummy.Respository.csproj", "{DAB3A40F-B3F8-476E-8AD9-0323E1195F21}"
EndProject
Project("{9A19103F-16F7-4668-BE54-9A1E7A4F7556}") = "ServicioDummy.Core", "ServicioDummy.Core\ServicioDummy.Core.csproj", "{E61DE595-D8B1-485F-9581-907EB8446B31}"
EndProject
Project("{9A19103F-16F7-4668-BE54-9A1E7A4F7556}") = "ServicioDummy.Api", "ServicioDummy.Api\ServicioDummy.Api.csproj", "{90A65DE8-5353-4325-BE2B-E8FDBD481EE5}"
EndProject
Project("{2150E333-8FDC-42A3-9474-1A3956D46DE8}") = "DapperRepository", "DapperRepository", "{BBA01ECA-8E68-49B2-9930-F0855FDEBBD9}"
EndProject
Project("{9A19103F-16F7-4668-BE54-9A1E7A4F7556}") = "Dapper.WebApi", "Dapper.WebApi\Dapper.WebApi.csproj", "{B6DB995F-8FBD-4570-BD1C-5F740B6B0F3F}"
EndProject
Project("{9A19103F-16F7-4668-BE54-9A1E7A4F7556}") = "Dapper.Core", "Dapper.Core\Dapper.Core.csproj", "{5828A428-9270-4BC0-885B-88E489201FF0}"
EndProject
Project("{9A19103F-16F7-4668-BE54-9A1E7A4F7556}") = "Dapper.Infrastructure", "Dapper.Infrastructure\Dapper.Infrastructure.csproj", "{7F3357D3-1038-4064-B7BA-8B67CA36F968}"
EndProject
Project("{2150E333-8FDC-42A3-9474-1A3956D46DE8}") = "WorkerService", "WorkerService", "{32972086-F268-406A-985C-5F031386A74E}"
EndProject
Project("{9A19103F-16F7-4668-BE54-9A1E7A4F7556}") = "WorkerService.Api", "WorkerService.Api\WorkerService.Api.csproj", "{C7353F6B-6613-4980-995B-3C215E513725}"
EndProject
Project("{9A19103F-16F7-4668-BE54-9A1E7A4F7556}") = "IHostedServiceDemo", "IHostedServiceDemo\IHostedServiceDemo.csproj", "{A8B67590-D160-47B3-963A-6E801E8962AF}"
EndProject
Project("{2150E333-8FDC-42A3-9474-1A3956D46DE8}") = "ServicioDummy", "ServicioDummy", "{8B6308E6-C2D0-4167-85B3-C4B4BD8F4A9B}"
EndProject
Project("{2150E333-8FDC-42A3-9474-1A3956D46DE8}") = "Usuarios", "Usuarios", "{27CEB00F-436E-496C-B254-A174A7C20590}"
EndProject
Project("{9A19103F-16F7-4668-BE54-9A1E7A4F7556}") = "VMtz.Api", "VMtz.Api\VMtz.Api.csproj", "{3CDDB7C0-EECD-4DA3-B20E-4D66FB829AEF}"
EndProject
Project("{9A19103F-16F7-4668-BE54-9A1E7A4F7556}") = "HolaMundo", "HolaMundo\HolaMundo.csproj", "{70A1E12D-5AF9-41BC-9A1B-256C94984E83}"
EndProject
Project("{2150E333-8FDC-42A3-9474-1A3956D46DE8}") = "ProyectoDeIntegracion", "ProyectoDeIntegracion", "{6A000F9A-C36E-4F62-8415-4348063CEBFD}"
EndProject
Project("{9A19103F-16F7-4668-BE54-9A1E7A4F7556}") = "IntegrationProject.Repository", "IntegrationProject.Repository\IntegrationProject.Repository.csproj", "{522A70F0-E4AC-45D4-9E64-93554C4B3F71}"
EndProject
Project("{9A19103F-16F7-4668-BE54-9A1E7A4F7556}") = "IntegrationProject.Service", "IntegrationProject.Service\IntegrationProject.Service.csproj", "{9B041D26-835D-43F9-87D6-9D1261DE00A2}"
EndProject
Project("{9A19103F-16F7-4668-BE54-9A1E7A4F7556}") = "IntegrationProject.Core", "IntegrationProject.Core\IntegrationProject.Core.csproj", "{487412F9-4FB3-4C8A-93B3-19AC41FA42B9}"
EndProject
Project("{9A19103F-16F7-4668-BE54-9A1E7A4F7556}") = "IntegrationProject.Mvc", "IntegrationProject.Mvc\IntegrationProject.Mvc.csproj", "{EE21357C-F122-436D-9411-B705AEDC55A2}"
EndProject
Project("{9A19103F-16F7-4668-BE54-9A1E7A4F7556}") = "IntegrationProject.Mvc2", "IntegrationProject.Mvc2\IntegrationProject.Mvc2.csproj", "{36737D45-89BD-4DE2-8205-B44ADDC24535}"
EndProject
Project("{9A19103F-16F7-4668-BE54-9A1E7A4F7556}") = "HelpDesk", "HelpDesk\HelpDesk.csproj", "{17F47CE4-20BE-4012-A967-1AF242CF7471}"
EndProject
Project("{9A19103F-16F7-4668-BE54-9A1E7A4F7556}") = "Activities", "Activities\Activities.csproj", "{42C283B5-CED4-451D-A179-C0A17B239D08}"
EndProject
Project("{9A19103F-16F7-4668-BE54-9A1E7A4F7556}") = "Helpdesk03", "Helpdesk03\Helpdesk03.csproj", "{2655914E-00E5-4171-BE7E-9415CDA3CC1A}"
EndProject
Project("{FAE04EC0-301F-11D3-BF4B-00C04F79EFBC}") = "Files", "Files\Files.csproj", "{78B5832A-0CE5-4843-B953-1B8401200316}"
EndProject
Global
	GlobalSection(SolutionConfigurationPlatforms) = preSolution
		Debug|Any CPU = Debug|Any CPU
		Release|Any CPU = Release|Any CPU
	EndGlobalSection
	GlobalSection(ProjectConfigurationPlatforms) = postSolution
		{61EF908A-6E24-44EF-A1F6-206CE862C6C0}.Debug|Any CPU.ActiveCfg = Debug|Any CPU
		{61EF908A-6E24-44EF-A1F6-206CE862C6C0}.Debug|Any CPU.Build.0 = Debug|Any CPU
		{61EF908A-6E24-44EF-A1F6-206CE862C6C0}.Release|Any CPU.ActiveCfg = Release|Any CPU
		{61EF908A-6E24-44EF-A1F6-206CE862C6C0}.Release|Any CPU.Build.0 = Release|Any CPU
		{C28F3672-349D-45BB-9196-95B88C3BF904}.Debug|Any CPU.ActiveCfg = Debug|Any CPU
		{C28F3672-349D-45BB-9196-95B88C3BF904}.Debug|Any CPU.Build.0 = Debug|Any CPU
		{C28F3672-349D-45BB-9196-95B88C3BF904}.Release|Any CPU.ActiveCfg = Release|Any CPU
		{C28F3672-349D-45BB-9196-95B88C3BF904}.Release|Any CPU.Build.0 = Release|Any CPU
		{B1DE7A26-2790-41FF-AC94-3F09BD3F37FF}.Debug|Any CPU.ActiveCfg = Debug|Any CPU
		{B1DE7A26-2790-41FF-AC94-3F09BD3F37FF}.Debug|Any CPU.Build.0 = Debug|Any CPU
		{B1DE7A26-2790-41FF-AC94-3F09BD3F37FF}.Release|Any CPU.ActiveCfg = Release|Any CPU
		{B1DE7A26-2790-41FF-AC94-3F09BD3F37FF}.Release|Any CPU.Build.0 = Release|Any CPU
		{DAB3A40F-B3F8-476E-8AD9-0323E1195F21}.Debug|Any CPU.ActiveCfg = Debug|Any CPU
		{DAB3A40F-B3F8-476E-8AD9-0323E1195F21}.Debug|Any CPU.Build.0 = Debug|Any CPU
		{DAB3A40F-B3F8-476E-8AD9-0323E1195F21}.Release|Any CPU.ActiveCfg = Release|Any CPU
		{DAB3A40F-B3F8-476E-8AD9-0323E1195F21}.Release|Any CPU.Build.0 = Release|Any CPU
		{E61DE595-D8B1-485F-9581-907EB8446B31}.Debug|Any CPU.ActiveCfg = Debug|Any CPU
		{E61DE595-D8B1-485F-9581-907EB8446B31}.Debug|Any CPU.Build.0 = Debug|Any CPU
		{E61DE595-D8B1-485F-9581-907EB8446B31}.Release|Any CPU.ActiveCfg = Release|Any CPU
		{E61DE595-D8B1-485F-9581-907EB8446B31}.Release|Any CPU.Build.0 = Release|Any CPU
		{90A65DE8-5353-4325-BE2B-E8FDBD481EE5}.Debug|Any CPU.ActiveCfg = Debug|Any CPU
		{90A65DE8-5353-4325-BE2B-E8FDBD481EE5}.Debug|Any CPU.Build.0 = Debug|Any CPU
		{90A65DE8-5353-4325-BE2B-E8FDBD481EE5}.Release|Any CPU.ActiveCfg = Release|Any CPU
		{90A65DE8-5353-4325-BE2B-E8FDBD481EE5}.Release|Any CPU.Build.0 = Release|Any CPU
		{B6DB995F-8FBD-4570-BD1C-5F740B6B0F3F}.Debug|Any CPU.ActiveCfg = Debug|Any CPU
		{B6DB995F-8FBD-4570-BD1C-5F740B6B0F3F}.Debug|Any CPU.Build.0 = Debug|Any CPU
		{B6DB995F-8FBD-4570-BD1C-5F740B6B0F3F}.Release|Any CPU.ActiveCfg = Release|Any CPU
		{B6DB995F-8FBD-4570-BD1C-5F740B6B0F3F}.Release|Any CPU.Build.0 = Release|Any CPU
		{5828A428-9270-4BC0-885B-88E489201FF0}.Debug|Any CPU.ActiveCfg = Debug|Any CPU
		{5828A428-9270-4BC0-885B-88E489201FF0}.Debug|Any CPU.Build.0 = Debug|Any CPU
		{5828A428-9270-4BC0-885B-88E489201FF0}.Release|Any CPU.ActiveCfg = Release|Any CPU
		{5828A428-9270-4BC0-885B-88E489201FF0}.Release|Any CPU.Build.0 = Release|Any CPU
		{7F3357D3-1038-4064-B7BA-8B67CA36F968}.Debug|Any CPU.ActiveCfg = Debug|Any CPU
		{7F3357D3-1038-4064-B7BA-8B67CA36F968}.Debug|Any CPU.Build.0 = Debug|Any CPU
		{7F3357D3-1038-4064-B7BA-8B67CA36F968}.Release|Any CPU.ActiveCfg = Release|Any CPU
		{7F3357D3-1038-4064-B7BA-8B67CA36F968}.Release|Any CPU.Build.0 = Release|Any CPU
		{C7353F6B-6613-4980-995B-3C215E513725}.Debug|Any CPU.ActiveCfg = Debug|Any CPU
		{C7353F6B-6613-4980-995B-3C215E513725}.Debug|Any CPU.Build.0 = Debug|Any CPU
		{C7353F6B-6613-4980-995B-3C215E513725}.Release|Any CPU.ActiveCfg = Release|Any CPU
		{C7353F6B-6613-4980-995B-3C215E513725}.Release|Any CPU.Build.0 = Release|Any CPU
		{A8B67590-D160-47B3-963A-6E801E8962AF}.Debug|Any CPU.ActiveCfg = Debug|Any CPU
		{A8B67590-D160-47B3-963A-6E801E8962AF}.Debug|Any CPU.Build.0 = Debug|Any CPU
		{A8B67590-D160-47B3-963A-6E801E8962AF}.Release|Any CPU.ActiveCfg = Release|Any CPU
		{A8B67590-D160-47B3-963A-6E801E8962AF}.Release|Any CPU.Build.0 = Release|Any CPU
		{3CDDB7C0-EECD-4DA3-B20E-4D66FB829AEF}.Debug|Any CPU.ActiveCfg = Debug|Any CPU
		{3CDDB7C0-EECD-4DA3-B20E-4D66FB829AEF}.Debug|Any CPU.Build.0 = Debug|Any CPU
		{3CDDB7C0-EECD-4DA3-B20E-4D66FB829AEF}.Release|Any CPU.ActiveCfg = Release|Any CPU
		{3CDDB7C0-EECD-4DA3-B20E-4D66FB829AEF}.Release|Any CPU.Build.0 = Release|Any CPU
		{70A1E12D-5AF9-41BC-9A1B-256C94984E83}.Debug|Any CPU.ActiveCfg = Debug|Any CPU
		{70A1E12D-5AF9-41BC-9A1B-256C94984E83}.Debug|Any CPU.Build.0 = Debug|Any CPU
		{70A1E12D-5AF9-41BC-9A1B-256C94984E83}.Release|Any CPU.ActiveCfg = Release|Any CPU
		{70A1E12D-5AF9-41BC-9A1B-256C94984E83}.Release|Any CPU.Build.0 = Release|Any CPU
		{522A70F0-E4AC-45D4-9E64-93554C4B3F71}.Debug|Any CPU.ActiveCfg = Debug|Any CPU
		{522A70F0-E4AC-45D4-9E64-93554C4B3F71}.Debug|Any CPU.Build.0 = Debug|Any CPU
		{522A70F0-E4AC-45D4-9E64-93554C4B3F71}.Release|Any CPU.ActiveCfg = Release|Any CPU
		{522A70F0-E4AC-45D4-9E64-93554C4B3F71}.Release|Any CPU.Build.0 = Release|Any CPU
		{9B041D26-835D-43F9-87D6-9D1261DE00A2}.Debug|Any CPU.ActiveCfg = Debug|Any CPU
		{9B041D26-835D-43F9-87D6-9D1261DE00A2}.Debug|Any CPU.Build.0 = Debug|Any CPU
		{9B041D26-835D-43F9-87D6-9D1261DE00A2}.Release|Any CPU.ActiveCfg = Release|Any CPU
		{9B041D26-835D-43F9-87D6-9D1261DE00A2}.Release|Any CPU.Build.0 = Release|Any CPU
		{487412F9-4FB3-4C8A-93B3-19AC41FA42B9}.Debug|Any CPU.ActiveCfg = Debug|Any CPU
		{487412F9-4FB3-4C8A-93B3-19AC41FA42B9}.Debug|Any CPU.Build.0 = Debug|Any CPU
		{487412F9-4FB3-4C8A-93B3-19AC41FA42B9}.Release|Any CPU.ActiveCfg = Release|Any CPU
		{487412F9-4FB3-4C8A-93B3-19AC41FA42B9}.Release|Any CPU.Build.0 = Release|Any CPU
		{EE21357C-F122-436D-9411-B705AEDC55A2}.Debug|Any CPU.ActiveCfg = Debug|Any CPU
		{EE21357C-F122-436D-9411-B705AEDC55A2}.Debug|Any CPU.Build.0 = Debug|Any CPU
		{EE21357C-F122-436D-9411-B705AEDC55A2}.Release|Any CPU.ActiveCfg = Release|Any CPU
		{EE21357C-F122-436D-9411-B705AEDC55A2}.Release|Any CPU.Build.0 = Release|Any CPU
		{36737D45-89BD-4DE2-8205-B44ADDC24535}.Debug|Any CPU.ActiveCfg = Debug|Any CPU
		{36737D45-89BD-4DE2-8205-B44ADDC24535}.Debug|Any CPU.Build.0 = Debug|Any CPU
		{36737D45-89BD-4DE2-8205-B44ADDC24535}.Release|Any CPU.ActiveCfg = Release|Any CPU
		{36737D45-89BD-4DE2-8205-B44ADDC24535}.Release|Any CPU.Build.0 = Release|Any CPU
		{17F47CE4-20BE-4012-A967-1AF242CF7471}.Debug|Any CPU.ActiveCfg = Debug|Any CPU
		{17F47CE4-20BE-4012-A967-1AF242CF7471}.Debug|Any CPU.Build.0 = Debug|Any CPU
		{17F47CE4-20BE-4012-A967-1AF242CF7471}.Release|Any CPU.ActiveCfg = Release|Any CPU
		{17F47CE4-20BE-4012-A967-1AF242CF7471}.Release|Any CPU.Build.0 = Release|Any CPU
		{42C283B5-CED4-451D-A179-C0A17B239D08}.Debug|Any CPU.ActiveCfg = Debug|Any CPU
		{42C283B5-CED4-451D-A179-C0A17B239D08}.Debug|Any CPU.Build.0 = Debug|Any CPU
		{42C283B5-CED4-451D-A179-C0A17B239D08}.Release|Any CPU.ActiveCfg = Release|Any CPU
		{42C283B5-CED4-451D-A179-C0A17B239D08}.Release|Any CPU.Build.0 = Release|Any CPU
		{2655914E-00E5-4171-BE7E-9415CDA3CC1A}.Debug|Any CPU.ActiveCfg = Debug|Any CPU
		{2655914E-00E5-4171-BE7E-9415CDA3CC1A}.Debug|Any CPU.Build.0 = Debug|Any CPU
		{2655914E-00E5-4171-BE7E-9415CDA3CC1A}.Release|Any CPU.ActiveCfg = Release|Any CPU
		{2655914E-00E5-4171-BE7E-9415CDA3CC1A}.Release|Any CPU.Build.0 = Release|Any CPU
		{78B5832A-0CE5-4843-B953-1B8401200316}.Debug|Any CPU.ActiveCfg = Debug|Any CPU
		{78B5832A-0CE5-4843-B953-1B8401200316}.Debug|Any CPU.Build.0 = Debug|Any CPU
		{78B5832A-0CE5-4843-B953-1B8401200316}.Release|Any CPU.ActiveCfg = Release|Any CPU
		{78B5832A-0CE5-4843-B953-1B8401200316}.Release|Any CPU.Build.0 = Release|Any CPU
	EndGlobalSection
	GlobalSection(SolutionProperties) = preSolution
		HideSolutionNode = FALSE
	EndGlobalSection
	GlobalSection(NestedProjects) = preSolution
		{DAB3A40F-B3F8-476E-8AD9-0323E1195F21} = {8B6308E6-C2D0-4167-85B3-C4B4BD8F4A9B}
		{E61DE595-D8B1-485F-9581-907EB8446B31} = {8B6308E6-C2D0-4167-85B3-C4B4BD8F4A9B}
		{90A65DE8-5353-4325-BE2B-E8FDBD481EE5} = {8B6308E6-C2D0-4167-85B3-C4B4BD8F4A9B}
		{B6DB995F-8FBD-4570-BD1C-5F740B6B0F3F} = {BBA01ECA-8E68-49B2-9930-F0855FDEBBD9}
		{5828A428-9270-4BC0-885B-88E489201FF0} = {BBA01ECA-8E68-49B2-9930-F0855FDEBBD9}
		{7F3357D3-1038-4064-B7BA-8B67CA36F968} = {BBA01ECA-8E68-49B2-9930-F0855FDEBBD9}
		{C7353F6B-6613-4980-995B-3C215E513725} = {32972086-F268-406A-985C-5F031386A74E}
		{A8B67590-D160-47B3-963A-6E801E8962AF} = {32972086-F268-406A-985C-5F031386A74E}
		{3CDDB7C0-EECD-4DA3-B20E-4D66FB829AEF} = {27CEB00F-436E-496C-B254-A174A7C20590}
		{522A70F0-E4AC-45D4-9E64-93554C4B3F71} = {6A000F9A-C36E-4F62-8415-4348063CEBFD}
		{9B041D26-835D-43F9-87D6-9D1261DE00A2} = {6A000F9A-C36E-4F62-8415-4348063CEBFD}
		{487412F9-4FB3-4C8A-93B3-19AC41FA42B9} = {6A000F9A-C36E-4F62-8415-4348063CEBFD}
		{EE21357C-F122-436D-9411-B705AEDC55A2} = {6A000F9A-C36E-4F62-8415-4348063CEBFD}
		{36737D45-89BD-4DE2-8205-B44ADDC24535} = {6A000F9A-C36E-4F62-8415-4348063CEBFD}
		{17F47CE4-20BE-4012-A967-1AF242CF7471} = {6A000F9A-C36E-4F62-8415-4348063CEBFD}
		{42C283B5-CED4-451D-A179-C0A17B239D08} = {6A000F9A-C36E-4F62-8415-4348063CEBFD}
		{2655914E-00E5-4171-BE7E-9415CDA3CC1A} = {6A000F9A-C36E-4F62-8415-4348063CEBFD}
		{78B5832A-0CE5-4843-B953-1B8401200316} = {6A000F9A-C36E-4F62-8415-4348063CEBFD}
	EndGlobalSection
	GlobalSection(ExtensibilityGlobals) = postSolution
		SolutionGuid = {8C29B81B-54D2-4737-9C0F-2F62CAB8C32B}
	EndGlobalSection
EndGlobal
